PODS:
  - AppCenter/Analytics (3.3.3):
    - AppCenter/Core
  - AppCenter/Core (3.3.3)
  - AppCenter/Crashes (3.3.3):
    - AppCenter/Core

DEPENDENCIES:
  - AppCenter/Analytics
  - AppCenter/Crashes

SPEC REPOS:
  trunk:
    - AppCenter

SPEC CHECKSUMS:
  AppCenter: 987f1d24493e47580057911962d11df00e46e060

PODFILE CHECKSUM: aa85d21b11cb6a0ff0b58fcbcb736c5f4cbf9b72

COCOAPODS: 1.9.3
